
Microsoft Visual Studio Solution File, Format Version 12.00
# Visual Studio 15
Project("{FAE04EC0-301F-11D3-BF4B-00C04F79EFBC}") = "Remind.Android", "Remind.Android\Remind.Android.csproj", "{0A38A417-594C-4CD2-A856-FE6A68A2F19B}"
EndProject
Project("{FAE04EC0-301F-11D3-BF4B-00C04F79EFBC}") = "Remind.iOS", "Remind.iOS\Remind.iOS.csproj", "{369AEF23-2EFC-48C7-95E1-238510F7015D}"
EndProject
Project("{FAE04EC0-301F-11D3-BF4B-00C04F79EFBC}") = "Remind.UITests", "Remind.UITests\Remind.UITests.csproj", "{B19C892E-2628-4CA7-AD27-08D406A3B14B}"
EndProject
Project("{FAE04EC0-301F-11D3-BF4B-00C04F79EFBC}") = "Remind", "Remind\Remind.csproj", "{489853E7-68B6-4E5E-A7A5-EDF2FCF6D99A}"
EndProject
Global
	GlobalSection(SolutionConfigurationPlatforms) = preSolution
		Debug|Any CPU = Debug|Any CPU
		Release|Any CPU = Release|Any CPU
		Debug|iPhoneSimulator = Debug|iPhoneSimulator
		Release|iPhoneSimulator = Release|iPhoneSimulator
		Debug|iPhone = Debug|iPhone
		Release|iPhone = Release|iPhone
		Ad-Hoc|iPhone = Ad-Hoc|iPhone
		AppStore|iPhone = AppStore|iPhone
	EndGlobalSection
	GlobalSection(ProjectConfigurationPlatforms) = postSolution
		{0A38A417-594C-4CD2-A856-FE6A68A2F19B}.Debug|Any CPU.ActiveCfg = Debug|Any CPU
		{0A38A417-594C-4CD2-A856-FE6A68A2F19B}.Debug|Any CPU.Build.0 = Debug|Any CPU
		{0A38A417-594C-4CD2-A856-FE6A68A2F19B}.Release|Any CPU.ActiveCfg = Release|Any CPU
		{0A38A417-594C-4CD2-A856-FE6A68A2F19B}.Release|Any CPU.Build.0 = Release|Any CPU
		{0A38A417-594C-4CD2-A856-FE6A68A2F19B}.Debug|iPhoneSimulator.ActiveCfg = Debug|Any CPU
		{0A38A417-594C-4CD2-A856-FE6A68A2F19B}.Debug|iPhoneSimulator.Build.0 = Debug|Any CPU
		{0A38A417-594C-4CD2-A856-FE6A68A2F19B}.Release|iPhoneSimulator.ActiveCfg = Release|Any CPU
		{0A38A417-594C-4CD2-A856-FE6A68A2F19B}.Release|iPhoneSimulator.Build.0 = Release|Any CPU
		{0A38A417-594C-4CD2-A856-FE6A68A2F19B}.Debug|iPhone.ActiveCfg = Debug|Any CPU
		{0A38A417-594C-4CD2-A856-FE6A68A2F19B}.Debug|iPhone.Build.0 = Debug|Any CPU
		{0A38A417-594C-4CD2-A856-FE6A68A2F19B}.Release|iPhone.ActiveCfg = Release|Any CPU
		{0A38A417-594C-4CD2-A856-FE6A68A2F19B}.Release|iPhone.Build.0 = Release|Any CPU
		{0A38A417-594C-4CD2-A856-FE6A68A2F19B}.Ad-Hoc|iPhone.ActiveCfg = Debug|Any CPU
		{0A38A417-594C-4CD2-A856-FE6A68A2F19B}.Ad-Hoc|iPhone.Build.0 = Debug|Any CPU
		{0A38A417-594C-4CD2-A856-FE6A68A2F19B}.AppStore|iPhone.ActiveCfg = Debug|Any CPU
		{0A38A417-594C-4CD2-A856-FE6A68A2F19B}.AppStore|iPhone.Build.0 = Debug|Any CPU
		{369AEF23-2EFC-48C7-95E1-238510F7015D}.Debug|Any CPU.ActiveCfg = Debug|iPhoneSimulator
		{369AEF23-2EFC-48C7-95E1-238510F7015D}.Debug|Any CPU.Build.0 = Debug|iPhoneSimulator
		{369AEF23-2EFC-48C7-95E1-238510F7015D}.Release|Any CPU.ActiveCfg = Release|iPhoneSimulator
		{369AEF23-2EFC-48C7-95E1-238510F7015D}.Release|Any CPU.Build.0 = Release|iPhoneSimulator
		{369AEF23-2EFC-48C7-95E1-238510F7015D}.Debug|iPhoneSimulator.ActiveCfg = Debug|iPhoneSimulator
		{369AEF23-2EFC-48C7-95E1-238510F7015D}.Debug|iPhoneSimulator.Build.0 = Debug|iPhoneSimulator
		{369AEF23-2EFC-48C7-95E1-238510F7015D}.Release|iPhoneSimulator.ActiveCfg = Release|iPhoneSimulator
		{369AEF23-2EFC-48C7-95E1-238510F7015D}.Release|iPhoneSimulator.Build.0 = Release|iPhoneSimulator
		{369AEF23-2EFC-48C7-95E1-238510F7015D}.Debug|iPhone.ActiveCfg = Debug|iPhone
		{369AEF23-2EFC-48C7-95E1-238510F7015D}.Debug|iPhone.Build.0 = Debug|iPhone
		{369AEF23-2EFC-48C7-95E1-238510F7015D}.Release|iPhone.ActiveCfg = Release|iPhone
		{369AEF23-2EFC-48C7-95E1-238510F7015D}.Release|iPhone.Build.0 = Release|iPhone
		{369AEF23-2EFC-48C7-95E1-238510F7015D}.Ad-Hoc|iPhone.ActiveCfg = Ad-Hoc|iPhone
		{369AEF23-2EFC-48C7-95E1-238510F7015D}.Ad-Hoc|iPhone.Build.0 = Ad-Hoc|iPhone
		{369AEF23-2EFC-48C7-95E1-238510F7015D}.AppStore|iPhone.ActiveCfg = AppStore|iPhone
		{369AEF23-2EFC-48C7-95E1-238510F7015D}.AppStore|iPhone.Build.0 = AppStore|iPhone
		{B19C892E-2628-4CA7-AD27-08D406A3B14B}.Debug|Any CPU.ActiveCfg = Debug|Any CPU
		{B19C892E-2628-4CA7-AD27-08D406A3B14B}.Debug|Any CPU.Build.0 = Debug|Any CPU
		{B19C892E-2628-4CA7-AD27-08D406A3B14B}.Release|Any CPU.ActiveCfg = Release|Any CPU
		{B19C892E-2628-4CA7-AD27-08D406A3B14B}.Release|Any CPU.Build.0 = Release|Any CPU
		{B19C892E-2628-4CA7-AD27-08D406A3B14B}.Debug|iPhoneSimulator.ActiveCfg = Debug|Any CPU
		{B19C892E-2628-4CA7-AD27-08D406A3B14B}.Debug|iPhoneSimulator.Build.0 = Debug|Any CPU
		{B19C892E-2628-4CA7-AD27-08D406A3B14B}.Release|iPhoneSimulator.ActiveCfg = Release|Any CPU
		{B19C892E-2628-4CA7-AD27-08D406A3B14B}.Release|iPhoneSimulator.Build.0 = Release|Any CPU
		{B19C892E-2628-4CA7-AD27-08D406A3B14B}.Debug|iPhone.ActiveCfg = Debug|Any CPU
		{B19C892E-2628-4CA7-AD27-08D406A3B14B}.Debug|iPhone.Build.0 = Debug|Any CPU
		{B19C892E-2628-4CA7-AD27-08D406A3B14B}.Release|iPhone.ActiveCfg = Release|Any CPU
		{B19C892E-2628-4CA7-AD27-08D406A3B14B}.Release|iPhone.Build.0 = Release|Any CPU
		{B19C892E-2628-4CA7-AD27-08D406A3B14B}.Ad-Hoc|iPhone.ActiveCfg = Debug|Any CPU
		{B19C892E-2628-4CA7-AD27-08D406A3B14B}.Ad-Hoc|iPhone.Build.0 = Debug|Any CPU
		{B19C892E-2628-4CA7-AD27-08D406A3B14B}.AppStore|iPhone.ActiveCfg = Debug|Any CPU
		{B19C892E-2628-4CA7-AD27-08D406A3B14B}.AppStore|iPhone.Build.0 = Debug|Any CPU
		{489853E7-68B6-4E5E-A7A5-EDF2FCF6D99A}.Debug|Any CPU.ActiveCfg = Debug|Any CPU
		{489853E7-68B6-4E5E-A7A5-EDF2FCF6D99A}.Debug|Any CPU.Build.0 = Debug|Any CPU
		{489853E7-68B6-4E5E-A7A5-EDF2FCF6D99A}.Release|Any CPU.ActiveCfg = Release|Any CPU
		{489853E7-68B6-4E5E-A7A5-EDF2FCF6D99A}.Release|Any CPU.Build.0 = Release|Any CPU
		{489853E7-68B6-4E5E-A7A5-EDF2FCF6D99A}.Debug|iPhoneSimulator.ActiveCfg = Debug|Any CPU
		{489853E7-68B6-4E5E-A7A5-EDF2FCF6D99A}.Debug|iPhoneSimulator.Build.0 = Debug|Any CPU
		{489853E7-68B6-4E5E-A7A5-EDF2FCF6D99A}.Release|iPhoneSimulator.ActiveCfg = Release|Any CPU
		{489853E7-68B6-4E5E-A7A5-EDF2FCF6D99A}.Release|iPhoneSimulator.Build.0 = Release|Any CPU
		{489853E7-68B6-4E5E-A7A5-EDF2FCF6D99A}.Debug|iPhone.ActiveCfg = Debug|Any CPU
		{489853E7-68B6-4E5E-A7A5-EDF2FCF6D99A}.Debug|iPhone.Build.0 = Debug|Any CPU
		{489853E7-68B6-4E5E-A7A5-EDF2FCF6D99A}.Release|iPhone.ActiveCfg = Release|Any CPU
		{489853E7-68B6-4E5E-A7A5-EDF2FCF6D99A}.Release|iPhone.Build.0 = Release|Any CPU
		{489853E7-68B6-4E5E-A7A5-EDF2FCF6D99A}.Ad-Hoc|iPhone.ActiveCfg = Debug|Any CPU
		{489853E7-68B6-4E5E-A7A5-EDF2FCF6D99A}.Ad-Hoc|iPhone.Build.0 = Debug|Any CPU
		{489853E7-68B6-4E5E-A7A5-EDF2FCF6D99A}.AppStore|iPhone.ActiveCfg = Debug|Any CPU
		{489853E7-68B6-4E5E-A7A5-EDF2FCF6D99A}.AppStore|iPhone.Build.0 = Debug|Any CPU
	EndGlobalSection
EndGlobal
